
Microsoft Visual Studio Solution File, Format Version 12.00
# Visual Studio Version 17
VisualStudioVersion = 17.1.32407.343
MinimumVisualStudioVersion = 10.0.40219.1
Project("{9A19103F-16F7-4668-BE54-9A1E7A4F7556}") = "ExFrameNet.Validation", "src\ExFrameNet.Validation\ExFrameNet.Validation.csproj", "{19E2981E-905F-4A93-A4D0-B5518E365B09}"
EndProject
Project("{2150E333-8FDC-42A3-9474-1A3956D46DE8}") = "Tests", "Tests", "{520AEB27-C693-464E-AF50-342463AA367A}"
EndProject
Project("{9A19103F-16F7-4668-BE54-9A1E7A4F7556}") = "ExFrameNet.Validation.Tests", "src\ExFrameNet.Validation.Tests\ExFrameNet.Validation.Tests.csproj", "{9185DC43-7094-47AE-AE31-0E50E77C95E8}"
EndProject
Global
	GlobalSection(SolutionConfigurationPlatforms) = preSolution
		Debug|Any CPU = Debug|Any CPU
		Release|Any CPU = Release|Any CPU
	EndGlobalSection
	GlobalSection(ProjectConfigurationPlatforms) = postSolution
		{19E2981E-905F-4A93-A4D0-B5518E365B09}.Debug|Any CPU.ActiveCfg = Debug|Any CPU
		{19E2981E-905F-4A93-A4D0-B5518E365B09}.Debug|Any CPU.Build.0 = Debug|Any CPU
		{19E2981E-905F-4A93-A4D0-B5518E365B09}.Release|Any CPU.ActiveCfg = Release|Any CPU
		{19E2981E-905F-4A93-A4D0-B5518E365B09}.Release|Any CPU.Build.0 = Release|Any CPU
		{9185DC43-7094-47AE-AE31-0E50E77C95E8}.Debug|Any CPU.ActiveCfg = Debug|Any CPU
		{9185DC43-7094-47AE-AE31-0E50E77C95E8}.Debug|Any CPU.Build.0 = Debug|Any CPU
		{9185DC43-7094-47AE-AE31-0E50E77C95E8}.Release|Any CPU.ActiveCfg = Release|Any CPU
		{9185DC43-7094-47AE-AE31-0E50E77C95E8}.Release|Any CPU.Build.0 = Release|Any CPU
	EndGlobalSection
	GlobalSection(SolutionProperties) = preSolution
		HideSolutionNode = FALSE
	EndGlobalSection
	GlobalSection(NestedProjects) = preSolution
		{9185DC43-7094-47AE-AE31-0E50E77C95E8} = {520AEB27-C693-464E-AF50-342463AA367A}
	EndGlobalSection
	GlobalSection(ExtensibilityGlobals) = postSolution
		SolutionGuid = {1FD63292-53A0-4AB1-9FEF-54B63722408C}
	EndGlobalSection
EndGlobal
